dependencies:
- name: ingress-nginx
  repository: https://kubernetes.github.io/ingress-nginx
  version: 4.12.0
- name: kube-prometheus-stack
  repository: https://prometheus-community.github.io/helm-charts
  version: 72.5.3
digest: sha256:3934d76340f5c5482b691d4bc7faa0d6154ad05fb72bf2f82b9970d9ed3e587d
generated: "2025-05-21T21:11:45.654447892+02:00"
