dependencies:
- name: ingress-nginx
  repository: https://kubernetes.github.io/ingress-nginx
  version: 4.12.2
- name: kube-prometheus-stack
  repository: https://prometheus-community.github.io/helm-charts
  version: 72.5.3
digest: sha256:6409578140af57bae524e78ae89f41e8b4ca421b6c857baf5b43b6e2326879f8
generated: "2025-05-21T22:18:35.813007252+02:00"
