dependencies:
- name: ingress-nginx
  repository: https://kubernetes.github.io/ingress-nginx
  version: 4.12.0
- name: kube-prometheus-stack
  repository: https://prometheus-community.github.io/helm-charts
  version: 49.1.0
digest: sha256:2ccb138497bdfb50330b5ed142f1ee6cec0d1456c222b1009737ea2c81b0ef47
generated: "2025-04-10T08:59:04.28829718+02:00"
